
Microsoft Visual Studio Solution File, Format Version 12.00
# Visual Studio Version 16
VisualStudioVersion = 16.0.30621.155
MinimumVisualStudioVersion = 10.0.40219.1
Project("{FAE04EC0-301F-11D3-BF4B-00C04F79EFBC}") = "eShopSolutionWebApp", "eShopSolutionWebApp\eShopSolutionWebApp.csproj", "{051AA4D0-EB97-4A13-883E-A461683A922E}"
EndProject
Project("{2150E333-8FDC-42A3-9474-1A3956D46DE8}") = "Solution Items", "Solution Items", "{58FE279F-5C1F-4DE3-AE54-323860E0CC40}"
	ProjectSection(SolutionItems) = preProject
		README.md = README.md
	EndProjectSection
EndProject
Global
	GlobalSection(SolutionConfigurationPlatforms) = preSolution
		Debug|Any CPU = Debug|Any CPU
		Release|Any CPU = Release|Any CPU
	EndGlobalSection
	GlobalSection(ProjectConfigurationPlatforms) = postSolution
		{051AA4D0-EB97-4A13-883E-A461683A922E}.Debug|Any CPU.ActiveCfg = Debug|Any CPU
		{051AA4D0-EB97-4A13-883E-A461683A922E}.Debug|Any CPU.Build.0 = Debug|Any CPU
		{051AA4D0-EB97-4A13-883E-A461683A922E}.Release|Any CPU.ActiveCfg = Release|Any CPU
		{051AA4D0-EB97-4A13-883E-A461683A922E}.Release|Any CPU.Build.0 = Release|Any CPU
	EndGlobalSection
	GlobalSection(SolutionProperties) = preSolution
		HideSolutionNode = FALSE
	EndGlobalSection
	GlobalSection(ExtensibilityGlobals) = postSolution
		SolutionGuid = {2467EE54-D723-4599-AF34-C33C80181CB5}
	EndGlobalSection
EndGlobal
